
Microsoft Visual Studio Solution File, Format Version 12.00
# Visual Studio 15
VisualStudioVersion = 15.0.26124.0
MinimumVisualStudioVersion = 15.0.26124.0
Project("{FAE04EC0-301F-11D3-BF4B-00C04F79EFBC}") = "training-net-core", "src\training-net-core.csproj", "{8E2382D9-DBD4-41C7-A19B-97D313D46B1D}"
EndProject
Project("{FAE04EC0-301F-11D3-BF4B-00C04F79EFBC}") = "training-net-test", "test\training-net-test.csproj", "{0E6060CC-77C8-4657-B3B5-0305B33E1D2E}"
EndProject
Global
	GlobalSection(SolutionConfigurationPlatforms) = preSolution
		Debug|Any CPU = Debug|Any CPU
		Debug|x64 = Debug|x64
		Debug|x86 = Debug|x86
		Release|Any CPU = Release|Any CPU
		Release|x64 = Release|x64
		Release|x86 = Release|x86
	EndGlobalSection
	GlobalSection(SolutionProperties) = preSolution
		HideSolutionNode = FALSE
	EndGlobalSection
	GlobalSection(ProjectConfigurationPlatforms) = postSolution
		{8E2382D9-DBD4-41C7-A19B-97D313D46B1D}.Debug|Any CPU.ActiveCfg = Debug|Any CPU
		{8E2382D9-DBD4-41C7-A19B-97D313D46B1D}.Debug|Any CPU.Build.0 = Debug|Any CPU
		{8E2382D9-DBD4-41C7-A19B-97D313D46B1D}.Debug|x64.ActiveCfg = Debug|Any CPU
		{8E2382D9-DBD4-41C7-A19B-97D313D46B1D}.Debug|x64.Build.0 = Debug|Any CPU
		{8E2382D9-DBD4-41C7-A19B-97D313D46B1D}.Debug|x86.ActiveCfg = Debug|Any CPU
		{8E2382D9-DBD4-41C7-A19B-97D313D46B1D}.Debug|x86.Build.0 = Debug|Any CPU
		{8E2382D9-DBD4-41C7-A19B-97D313D46B1D}.Release|Any CPU.ActiveCfg = Release|Any CPU
		{8E2382D9-DBD4-41C7-A19B-97D313D46B1D}.Release|Any CPU.Build.0 = Release|Any CPU
		{8E2382D9-DBD4-41C7-A19B-97D313D46B1D}.Release|x64.ActiveCfg = Release|Any CPU
		{8E2382D9-DBD4-41C7-A19B-97D313D46B1D}.Release|x64.Build.0 = Release|Any CPU
		{8E2382D9-DBD4-41C7-A19B-97D313D46B1D}.Release|x86.ActiveCfg = Release|Any CPU
		{8E2382D9-DBD4-41C7-A19B-97D313D46B1D}.Release|x86.Build.0 = Release|Any CPU
		{0E6060CC-77C8-4657-B3B5-0305B33E1D2E}.Debug|Any CPU.ActiveCfg = Debug|Any CPU
		{0E6060CC-77C8-4657-B3B5-0305B33E1D2E}.Debug|Any CPU.Build.0 = Debug|Any CPU
		{0E6060CC-77C8-4657-B3B5-0305B33E1D2E}.Debug|x64.ActiveCfg = Debug|Any CPU
		{0E6060CC-77C8-4657-B3B5-0305B33E1D2E}.Debug|x64.Build.0 = Debug|Any CPU
		{0E6060CC-77C8-4657-B3B5-0305B33E1D2E}.Debug|x86.ActiveCfg = Debug|Any CPU
		{0E6060CC-77C8-4657-B3B5-0305B33E1D2E}.Debug|x86.Build.0 = Debug|Any CPU
		{0E6060CC-77C8-4657-B3B5-0305B33E1D2E}.Release|Any CPU.ActiveCfg = Release|Any CPU
		{0E6060CC-77C8-4657-B3B5-0305B33E1D2E}.Release|Any CPU.Build.0 = Release|Any CPU
		{0E6060CC-77C8-4657-B3B5-0305B33E1D2E}.Release|x64.ActiveCfg = Release|Any CPU
		{0E6060CC-77C8-4657-B3B5-0305B33E1D2E}.Release|x64.Build.0 = Release|Any CPU
		{0E6060CC-77C8-4657-B3B5-0305B33E1D2E}.Release|x86.ActiveCfg = Release|Any CPU
		{0E6060CC-77C8-4657-B3B5-0305B33E1D2E}.Release|x86.Build.0 = Release|Any CPU
	EndGlobalSection
EndGlobal
